{
  "name": "Minerva",
  "lockfileVersion": 3,
  "requires": true,
  "packages": {
    "": {
      "dependencies": {
        "three-spritetext": "^1.10.0"
      }
    },
    "node_modules/three": {
      "version": "0.184.0",
      "resolved": "https://registry.npmjs.org/three/-/three-0.184.0.tgz",
      "integrity": "sha512-wtTRjG92pM5eUg/KuUnHsqSAlPM296brTOcLgMRqEeylYTh/CdtvKUvCyyCQTzFuStieWxvZb8mVTMvdPyUpxg==",
      "license": "MIT",
      "peer": true
    },
    "node_modules/three-spritetext": {
      "version": "1.10.0",
      "resolved": "https://registry.npmjs.org/three-spritetext/-/three-spritetext-1.10.0.tgz",
      "integrity": "sha512-t08iP1FCU1lQh8T5MmCpdijKgas8GDHJE0LqMGBuVu3xqMMpFnEZhTlih7FlxLPQizHIGoumUSpfOlY1GO/Tgg==",
      "license": "MIT",
      "engines": {
        "node": ">=12"
      },
      "peerDependencies": {
        "three": ">=0.86.0"
      }
    }
  }
}
